
Microsoft Visual Studio Solution File, Format Version 12.00
# Visual Studio 2013
VisualStudioVersion = 12.0.31101.0
MinimumVisualStudioVersion = 10.0.40219.1
Project("{FAE04EC0-301F-11D3-BF4B-00C04F79EFBC}") = "OpenLingoLib", "Lingo_Lib\OpenLingoLib.csproj", "{12285E5C-8A4F-4EB4-9C7F-731C93354B57}"
EndProject
Project("{FAE04EC0-301F-11D3-BF4B-00C04F79EFBC}") = "OpenLingoServer", "OpenLingoServer\OpenLingoServer.csproj", "{683C215D-2892-473F-BFF4-20905B5228F8}"
EndProject
Project("{FAE04EC0-301F-11D3-BF4B-00C04F79EFBC}") = "OpenLingoClient", "OpenLingo\OpenLingoClient.csproj", "{58E2563A-BF0D-498D-B87E-825A30D65B32}"
EndProject
Global
	GlobalSection(SolutionConfigurationPlatforms) = preSolution
		Debug|Any CPU = Debug|Any CPU
		Release|Any CPU = Release|Any CPU
	EndGlobalSection
	GlobalSection(ProjectConfigurationPlatforms) = postSolution
		{12285E5C-8A4F-4EB4-9C7F-731C93354B57}.Debug|Any CPU.ActiveCfg = Debug|Any CPU
		{12285E5C-8A4F-4EB4-9C7F-731C93354B57}.Debug|Any CPU.Build.0 = Debug|Any CPU
		{12285E5C-8A4F-4EB4-9C7F-731C93354B57}.Release|Any CPU.ActiveCfg = Release|Any CPU
		{12285E5C-8A4F-4EB4-9C7F-731C93354B57}.Release|Any CPU.Build.0 = Release|Any CPU
		{683C215D-2892-473F-BFF4-20905B5228F8}.Debug|Any CPU.ActiveCfg = Debug|Any CPU
		{683C215D-2892-473F-BFF4-20905B5228F8}.Debug|Any CPU.Build.0 = Debug|Any CPU
		{683C215D-2892-473F-BFF4-20905B5228F8}.Debug|Any CPU.Deploy.0 = Debug|Any CPU
		{683C215D-2892-473F-BFF4-20905B5228F8}.Release|Any CPU.ActiveCfg = Release|Any CPU
		{683C215D-2892-473F-BFF4-20905B5228F8}.Release|Any CPU.Build.0 = Release|Any CPU
		{58E2563A-BF0D-498D-B87E-825A30D65B32}.Debug|Any CPU.ActiveCfg = Debug|Any CPU
		{58E2563A-BF0D-498D-B87E-825A30D65B32}.Debug|Any CPU.Build.0 = Debug|Any CPU
		{58E2563A-BF0D-498D-B87E-825A30D65B32}.Release|Any CPU.ActiveCfg = Release|Any CPU
		{58E2563A-BF0D-498D-B87E-825A30D65B32}.Release|Any CPU.Build.0 = Release|Any CPU
	EndGlobalSection
	GlobalSection(SolutionProperties) = preSolution
		HideSolutionNode = FALSE
	EndGlobalSection
EndGlobal
